
Microsoft Visual Studio Solution File, Format Version 9.00
# Visual Studio 2005
# SharpDevelop 2.2.1.2648
Project("{FAE04EC0-301F-11D3-BF4B-00C04F79EFBC}") = "PPC_Test02", "PPC_Test02.csproj", "{BA3E599D-43C3-489D-BF0F-3CF9AC63942A}"
EndProject
Global
	GlobalSection(SolutionConfigurationPlatforms) = preSolution
		Debug|Any CPU = Debug|Any CPU
		Release|Any CPU = Release|Any CPU
	EndGlobalSection
	GlobalSection(ProjectConfigurationPlatforms) = postSolution
		{BA3E599D-43C3-489D-BF0F-3CF9AC63942A}.Debug|Any CPU.Build.0 = Debug|Any CPU
		{BA3E599D-43C3-489D-BF0F-3CF9AC63942A}.Debug|Any CPU.ActiveCfg = Debug|Any CPU
		{BA3E599D-43C3-489D-BF0F-3CF9AC63942A}.Release|Any CPU.Build.0 = Release|Any CPU
		{BA3E599D-43C3-489D-BF0F-3CF9AC63942A}.Release|Any CPU.ActiveCfg = Release|Any CPU
	EndGlobalSection
EndGlobal
